github.com/frjo/hugo-theme-zen/v5 v5.4.0 h1:bHCUz1+ElE0hmbayghcx4qBj+nX37OuCvgvpJTFk0/I=
github.com/frjo/hugo-theme-zen/v5 v5.4.0/go.mod h1:6KlhteJ4KDm55kIMJvC2d2yVQphhGhLb/5RCTPrOrfg=
github.com/frjo/hugo-theme-zen/v5 v5.4.1 h1:pcWF6fvgJMWCjugEaKmDdiLHj+A9ssb2m5/Vrv0mMHA=
github.com/frjo/hugo-theme-zen/v5 v5.4.1/go.mod h1:6KlhteJ4KDm55kIMJvC2d2yVQphhGhLb/5RCTPrOrfg=
